hash: 2e9d4d2d01abfcd0fe3556594958882ad39936f8bcad737fd99f4a4e0610cdb1
updated: 2018-01-04T10:58:22.608081592Z
imports:
- name: github.com/cucumber/gherkin-go
  version: b4fe8f6d1dc26a0b1fb8e677244aa8f775a944f3
- name: github.com/DATA-DOG/godog
  version: 6dc6dccbf87d4a692a7beb0850685e4e05d25243
  subpackages:
  - colors
  - gherkin
- name: github.com/davecgh/go-spew
  version: 782f4967f2dc4564575ca782fe2d04090b5faca8
  subpackages:
  - spew
- name: github.com/google/go-github
  version: fc3c57184028a80ff3979d912cdaf5f08887f98a
  subpackages:
  - github
- name: github.com/google/go-querystring
  version: 53e6ce116135b80d037921a7fdd5138cf32d7a8a
  subpackages:
  - query
- name: github.com/jenkins-x/golang-jenkins
  version: 5e6c752ea6a4ddbac25ddc34c1a5777edc24c4f6
- name: github.com/pmezard/go-difflib
  version: 792786c7400a136282c1664665ae0a8db921c6c2
  subpackages:
  - difflib
- name: github.com/stretchr/testify
  version: 87b1dfb5b2fa649f52695dd9eae19abe404a4308
  subpackages:
  - assert
testImports: []
