hash: 785dee6d9c4cda36873fb9f110a179f2c93788625aa01ae3df7b495739dee1af
updated: 2017-10-11T16:20:56.154084+01:00
imports:
- name: github.com/cucumber/gherkin-go
  version: b4fe8f6d1dc26a0b1fb8e677244aa8f775a944f3
- name: github.com/DATA-DOG/godog
  version: 0093943021d4d6ef88e57bb15c78558351f8a8cd
  subpackages:
  - colors
  - gherkin
- name: github.com/fabric8-jenkins/golang-jenkins
  version: 70f040912b0f104c073dac50d6cedcce532842e8
- name: github.com/google/go-github
  version: 5c45bca952b96dedace6c307caff915483013003
  subpackages:
  - github
- name: github.com/google/go-querystring
  version: 9235644dd9e52eeae6fa48efd539fdc351a0af53
  subpackages:
  - query
testImports: []
