hash: c927f3cc8de2ffd8a6bbc8fb0667b6bb42d14ea01ddd518cd5164884e27c47b1
updated: 2017-10-09T22:32:26.32641398+01:00
imports:
- name: github.com/cucumber/gherkin-go
  version: b4fe8f6d1dc26a0b1fb8e677244aa8f775a944f3
- name: github.com/DATA-DOG/godog
  version: 0093943021d4d6ef88e57bb15c78558351f8a8cd
  subpackages:
  - colors
  - gherkin
- name: github.com/fabric8io/golang-jenkins
  version: a5f5e97dbb926cc04f28ea00ce616bdf2086e97b
testImports: []
